
Microsoft Visual Studio Solution File, Format Version 12.00
# Visual Studio Version 17
VisualStudioVersion = 17.10.35122.118
MinimumVisualStudioVersion = 10.0.40219.1
Project("{FAE04EC0-301F-11D3-BF4B-00C04F79EFBC}") = "elumini", "elumini\elumini.csproj", "{13B09518-6413-49DE-AC21-673BAEF73236}"
EndProject
Global
	GlobalSection(SolutionConfigurationPlatforms) = preSolution
		Debug|Any CPU = Debug|Any CPU
		Release|Any CPU = Release|Any CPU
	EndGlobalSection
	GlobalSection(ProjectConfigurationPlatforms) = postSolution
		{13B09518-6413-49DE-AC21-673BAEF73236}.Debug|Any CPU.ActiveCfg = Debug|Any CPU
		{13B09518-6413-49DE-AC21-673BAEF73236}.Debug|Any CPU.Build.0 = Debug|Any CPU
		{13B09518-6413-49DE-AC21-673BAEF73236}.Release|Any CPU.ActiveCfg = Release|Any CPU
		{13B09518-6413-49DE-AC21-673BAEF73236}.Release|Any CPU.Build.0 = Release|Any CPU
	EndGlobalSection
	GlobalSection(SolutionProperties) = preSolution
		HideSolutionNode = FALSE
	EndGlobalSection
	GlobalSection(ExtensibilityGlobals) = postSolution
		SolutionGuid = {DFC9803F-4800-460A-A41A-AA5891AAC67C}
	EndGlobalSection
EndGlobal
